
Microsoft Visual Studio Solution File, Format Version 12.00
# Visual Studio Version 17
VisualStudioVersion = 17.3.32929.385
MinimumVisualStudioVersion = 10.0.40219.1
Project("{9A19103F-16F7-4668-BE54-9A1E7A4F7556}") = "GolAPI", "GolAPI\GolAPI.csproj", "{8BE9D693-5854-4C85-B9F5-B2A508DF58DA}"
EndProject
Global
	GlobalSection(SolutionConfigurationPlatforms) = preSolution
		Debug|Any CPU = Debug|Any CPU
		Release|Any CPU = Release|Any CPU
	EndGlobalSection
	GlobalSection(ProjectConfigurationPlatforms) = postSolution
		{8BE9D693-5854-4C85-B9F5-B2A508DF58DA}.Debug|Any CPU.ActiveCfg = Debug|Any CPU
		{8BE9D693-5854-4C85-B9F5-B2A508DF58DA}.Debug|Any CPU.Build.0 = Debug|Any CPU
		{8BE9D693-5854-4C85-B9F5-B2A508DF58DA}.Release|Any CPU.ActiveCfg = Release|Any CPU
		{8BE9D693-5854-4C85-B9F5-B2A508DF58DA}.Release|Any CPU.Build.0 = Release|Any CPU
	EndGlobalSection
	GlobalSection(SolutionProperties) = preSolution
		HideSolutionNode = FALSE
	EndGlobalSection
	GlobalSection(ExtensibilityGlobals) = postSolution
		SolutionGuid = {08F93AB7-A99F-4015-AD9A-B31CF39FD9DF}
	EndGlobalSection
EndGlobal
